{
  "name": "rawagon",
  "version": "0.1.0",
  "lockfileVersion": 3,
  "requires": true,
  "packages": {
    "": {
      "name": "rawagon",
      "version": "0.1.0",
      "workspaces": [
        "packages/*",
        "apps/*"
      ],
      "devDependencies": {
        "dotenv": "^17.3.1"
      },
      "engines": {
        "node": ">=18.0.0"
      }
    },
    "apps/1nce-allcard": {
      "name": "@rawagon/1nce-allcard",
      "version": "0.1.0"
    },
    "apps/autoiq": {
      "name": "@rawagon/autoiq",
      "version": "0.1.0"
    },
    "apps/bitpawn": {
      "name": "@rawagon/bitpawn",
      "version": "0.1.0"
    },
    "apps/droppa": {
      "name": "@rawagon/droppa",
      "version": "0.1.0"
    },
    "apps/goldsnap": {
      "name": "@rawagon/goldsnap",
      "version": "0.1.0"
    },
    "apps/profitpilot": {
      "name": "@rawagon/profitpilot",
      "version": "0.1.0"
    },
    "apps/qwks-protocol": {
      "name": "@rawagon/qwks-protocol",
      "version": "0.1.0"
    },
    "apps/rawagon-os": {
      "name": "@rawagon/rawagon-os",
      "version": "0.1.0"
    },
    "node_modules/@rawagon/1nce-allcard": {
      "resolved": "apps/1nce-allcard",
      "link": true
    },
    "node_modules/@rawagon/allcard-sdk": {
      "resolved": "packages/allcard-sdk",
      "link": true
    },
    "node_modules/@rawagon/autoiq": {
      "resolved": "apps/autoiq",
      "link": true
    },
    "node_modules/@rawagon/bitpawn": {
      "resolved": "apps/bitpawn",
      "link": true
    },
    "node_modules/@rawagon/droppa": {
      "resolved": "apps/droppa",
      "link": true
    },
    "node_modules/@rawagon/fee-distributor": {
      "resolved": "packages/fee-distributor",
      "link": true
    },
    "node_modules/@rawagon/gold-oracle": {
      "resolved": "packages/gold-oracle",
      "link": true
    },
    "node_modules/@rawagon/goldsnap": {
      "resolved": "apps/goldsnap",
      "link": true
    },
    "node_modules/@rawagon/ltn-token": {
      "resolved": "packages/ltn-token",
      "link": true
    },
    "node_modules/@rawagon/profitpilot": {
      "resolved": "apps/profitpilot",
      "link": true
    },
    "node_modules/@rawagon/qwks-protocol": {
      "resolved": "apps/qwks-protocol",
      "link": true
    },
    "node_modules/@rawagon/rawagon-os": {
      "resolved": "apps/rawagon-os",
      "link": true
    },
    "node_modules/@rawagon/zk-identity": {
      "resolved": "packages/zk-identity",
      "link": true
    },
    "node_modules/dotenv": {
      "version": "17.3.1",
      "resolved": "https://registry.npmjs.org/dotenv/-/dotenv-17.3.1.tgz",
      "integrity": "sha512-IO8C/dzEb6O3F9/twg6ZLXz164a2fhTnEWb95H23Dm4OuN+92NmEAlTrupP9VW6Jm3sO26tQlqyvyi4CsnY9GA==",
      "dev": true,
      "license": "BSD-2-Clause",
      "engines": {
        "node": ">=12"
      },
      "funding": {
        "url": "https://dotenvx.com"
      }
    },
    "packages/allcard-sdk": {
      "name": "@rawagon/allcard-sdk",
      "version": "0.1.0",
      "dependencies": {
        "@rawagon/zk-identity": "*"
      }
    },
    "packages/fee-distributor": {
      "name": "@rawagon/fee-distributor",
      "version": "0.1.0"
    },
    "packages/gold-oracle": {
      "name": "@rawagon/gold-oracle",
      "version": "0.1.0"
    },
    "packages/ltn-token": {
      "name": "@rawagon/ltn-token",
      "version": "0.1.0"
    },
    "packages/zk-identity": {
      "name": "@rawagon/zk-identity",
      "version": "0.1.0"
    }
  }
}
